
Microsoft Visual Studio Solution File, Format Version 12.00
# Visual Studio Version 17
VisualStudioVersion = 17.2.32630.192
MinimumVisualStudioVersion = 10.0.40219.1
Project("{FAE04EC0-301F-11D3-BF4B-00C04F79EFBC}") = "OMSBlazor.Server", "OMSBlazor\Server\OMSBlazor.Server.csproj", "{39AB595B-34C6-45B3-A7FC-E0AE6615DA2E}"
EndProject
Project("{FAE04EC0-301F-11D3-BF4B-00C04F79EFBC}") = "OMSBlazor.Client", "OMSBlazor\Client\OMSBlazor.Client.csproj", "{C7D6F6C0-7627-479E-97A9-59F67ED1D6AA}"
EndProject
Project("{FAE04EC0-301F-11D3-BF4B-00C04F79EFBC}") = "OMSBlazor.Shared", "OMSBlazor\Shared\OMSBlazor.Shared.csproj", "{150505D1-1038-4E41-860F-DD51D9A0EED7}"
EndProject
Global
	GlobalSection(SolutionConfigurationPlatforms) = preSolution
		Debug|Any CPU = Debug|Any CPU
		Release|Any CPU = Release|Any CPU
	EndGlobalSection
	GlobalSection(ProjectConfigurationPlatforms) = postSolution
		{39AB595B-34C6-45B3-A7FC-E0AE6615DA2E}.Debug|Any CPU.ActiveCfg = Debug|Any CPU
		{39AB595B-34C6-45B3-A7FC-E0AE6615DA2E}.Debug|Any CPU.Build.0 = Debug|Any CPU
		{39AB595B-34C6-45B3-A7FC-E0AE6615DA2E}.Release|Any CPU.ActiveCfg = Release|Any CPU
		{39AB595B-34C6-45B3-A7FC-E0AE6615DA2E}.Release|Any CPU.Build.0 = Release|Any CPU
		{C7D6F6C0-7627-479E-97A9-59F67ED1D6AA}.Debug|Any CPU.ActiveCfg = Debug|Any CPU
		{C7D6F6C0-7627-479E-97A9-59F67ED1D6AA}.Debug|Any CPU.Build.0 = Debug|Any CPU
		{C7D6F6C0-7627-479E-97A9-59F67ED1D6AA}.Release|Any CPU.ActiveCfg = Release|Any CPU
		{C7D6F6C0-7627-479E-97A9-59F67ED1D6AA}.Release|Any CPU.Build.0 = Release|Any CPU
		{150505D1-1038-4E41-860F-DD51D9A0EED7}.Debug|Any CPU.ActiveCfg = Debug|Any CPU
		{150505D1-1038-4E41-860F-DD51D9A0EED7}.Debug|Any CPU.Build.0 = Debug|Any CPU
		{150505D1-1038-4E41-860F-DD51D9A0EED7}.Release|Any CPU.ActiveCfg = Release|Any CPU
		{150505D1-1038-4E41-860F-DD51D9A0EED7}.Release|Any CPU.Build.0 = Release|Any CPU
	EndGlobalSection
	GlobalSection(SolutionProperties) = preSolution
		HideSolutionNode = FALSE
	EndGlobalSection
	GlobalSection(ExtensibilityGlobals) = postSolution
		SolutionGuid = {5D26D800-21B8-427F-B543-7D2F09A77238}
	EndGlobalSection
EndGlobal
